
Microsoft Visual Studio Solution File, Format Version 12.00
# Visual Studio Version 17
VisualStudioVersion = 17.14.37027.9
MinimumVisualStudioVersion = 10.0.40219.1
Project("{FAE04EC0-301F-11D3-BF4B-00C04F79EFBC}") = "GameProj1", "GameProj1\GameProj1.csproj", "{FCEDDA3D-F598-4F79-8842-CA4032ACE34F}"
EndProject
Global
	GlobalSection(SolutionConfigurationPlatforms) = preSolution
		Debug|Any CPU = Debug|Any CPU
		Release|Any CPU = Release|Any CPU
	EndGlobalSection
	GlobalSection(ProjectConfigurationPlatforms) = postSolution
		{FCEDDA3D-F598-4F79-8842-CA4032ACE34F}.Debug|Any CPU.ActiveCfg = Debug|Any CPU
		{FCEDDA3D-F598-4F79-8842-CA4032ACE34F}.Debug|Any CPU.Build.0 = Debug|Any CPU
		{FCEDDA3D-F598-4F79-8842-CA4032ACE34F}.Release|Any CPU.ActiveCfg = Release|Any CPU
		{FCEDDA3D-F598-4F79-8842-CA4032ACE34F}.Release|Any CPU.Build.0 = Release|Any CPU
	EndGlobalSection
	GlobalSection(SolutionProperties) = preSolution
		HideSolutionNode = FALSE
	EndGlobalSection
	GlobalSection(ExtensibilityGlobals) = postSolution
		SolutionGuid = {F40DAD81-CDA8-42C8-9A46-62E305071250}
	EndGlobalSection
EndGlobal
